
Microsoft Visual Studio Solution File, Format Version 12.00
# Visual Studio Version 17
VisualStudioVersion = 17.0.32112.339
MinimumVisualStudioVersion = 10.0.40219.1
Project("{FAE04EC0-301F-11D3-BF4B-00C04F79EFBC}") = "dateTime", "DateTime\dateTime.csproj", "{EA998529-4656-4A00-AC54-878FF1371857}"
EndProject
Global
	GlobalSection(SolutionConfigurationPlatforms) = preSolution
		Debug|Any CPU = Debug|Any CPU
		Release|Any CPU = Release|Any CPU
	EndGlobalSection
	GlobalSection(ProjectConfigurationPlatforms) = postSolution
		{EA998529-4656-4A00-AC54-878FF1371857}.Debug|Any CPU.ActiveCfg = Debug|Any CPU
		{EA998529-4656-4A00-AC54-878FF1371857}.Debug|Any CPU.Build.0 = Debug|Any CPU
		{EA998529-4656-4A00-AC54-878FF1371857}.Release|Any CPU.ActiveCfg = Release|Any CPU
		{EA998529-4656-4A00-AC54-878FF1371857}.Release|Any CPU.Build.0 = Release|Any CPU
	EndGlobalSection
	GlobalSection(SolutionProperties) = preSolution
		HideSolutionNode = FALSE
	EndGlobalSection
	GlobalSection(ExtensibilityGlobals) = postSolution
		SolutionGuid = {CF1ACB56-6749-43B0-B423-74AC88130449}
	EndGlobalSection
EndGlobal
